
Microsoft Visual Studio Solution File, Format Version 12.00
# Visual Studio 15
VisualStudioVersion = 15.0.28307.168
MinimumVisualStudioVersion = 10.0.40219.1
Project("{FAE04EC0-301F-11D3-BF4B-00C04F79EFBC}") = "AzureTestApp", "AzureTestApp\AzureTestApp.csproj", "{69AF9BF1-6656-455E-9929-8D856C77B703}"
EndProject
Global
	GlobalSection(SolutionConfigurationPlatforms) = preSolution
		Debug|Any CPU = Debug|Any CPU
		Release|Any CPU = Release|Any CPU
	EndGlobalSection
	GlobalSection(ProjectConfigurationPlatforms) = postSolution
		{69AF9BF1-6656-455E-9929-8D856C77B703}.Debug|Any CPU.ActiveCfg = Debug|Any CPU
		{69AF9BF1-6656-455E-9929-8D856C77B703}.Debug|Any CPU.Build.0 = Debug|Any CPU
		{69AF9BF1-6656-455E-9929-8D856C77B703}.Release|Any CPU.ActiveCfg = Release|Any CPU
		{69AF9BF1-6656-455E-9929-8D856C77B703}.Release|Any CPU.Build.0 = Release|Any CPU
	EndGlobalSection
	GlobalSection(SolutionProperties) = preSolution
		HideSolutionNode = FALSE
	EndGlobalSection
	GlobalSection(ExtensibilityGlobals) = postSolution
		SolutionGuid = {A13A9FAD-20DD-41F9-BD9E-BBE835D67776}
	EndGlobalSection
EndGlobal
